// !$*UTF8*$!
{
	archiveVersion = 1;
	classes = {
	};
	objectVersion = 55;
	objects = {

/* Begin PBXBuildFile section */
		EC16705B2794ED27003E3F59 /* HexagonParameters.swift in Sources */ = {isa = PBXBuildFile; fileRef = EC16705A2794ED27003E3F59 /* HexagonParameters.swift */; };
		EC16705F2794F051003E3F59 /* BadgeBackground.swift in Sources */ = {isa = PBXBuildFile; fileRef = EC16705E2794F051003E3F59 /* BadgeBackground.swift */; };
		EC371C84278AA865002ED7BC /* LandmarksApp.swift in Sources */ = {isa = PBXBuildFile; fileRef = EC371C83278AA865002ED7BC /* LandmarksApp.swift */; };
		EC371C86278AA865002ED7BC /* ContentView.swift in Sources */ = {isa = PBXBuildFile; fileRef = EC371C85278AA865002ED7BC /* ContentView.swift */; };
		EC371C88278AA86B002ED7BC /* Assets.xcassets in Resources */ = {isa = PBXBuildFile; fileRef = EC371C87278AA86B002ED7BC /* Assets.xcassets */; };
		EC371C8B278AA86B002ED7BC /* Preview Assets.xcassets in Resources */ = {isa = PBXBuildFile; fileRef = EC371C8A278AA86B002ED7BC /* Preview Assets.xcassets */; };
		EC371C92278AAC55002ED7BC /* CircleImage.swift in Sources */ = {isa = PBXBuildFile; fileRef = EC371C91278AAC55002ED7BC /* CircleImage.swift */; };
		EC371C94278AADC0002ED7BC /* MapView.swift in Sources */ = {isa = PBXBuildFile; fileRef = EC371C93278AADC0002ED7BC /* MapView.swift */; };
		EC371C96278B3F71002ED7BC /* landmarkData.json in Resources */ = {isa = PBXBuildFile; fileRef = EC371C95278B3F71002ED7BC /* landmarkData.json */; };
		EC371C98278B3FA5002ED7BC /* Landmark.swift in Sources */ = {isa = PBXBuildFile; fileRef = EC371C97278B3FA5002ED7BC /* Landmark.swift */; };
		EC371C9A278B4185002ED7BC /* ModelData.swift in Sources */ = {isa = PBXBuildFile; fileRef = EC371C99278B4185002ED7BC /* ModelData.swift */; };
		EC92221727923E4200ACDC76 /* FavoriteButton.swift in Sources */ = {isa = PBXBuildFile; fileRef = EC92221627923E4200ACDC76 /* FavoriteButton.swift */; };
		ECC3C43A279206E900CF237B /* LandmarkRow.swift in Sources */ = {isa = PBXBuildFile; fileRef = ECC3C439279206E900CF237B /* LandmarkRow.swift */; };
		ECC3C43C279208D200CF237B /* LandmarkList.swift in Sources */ = {isa = PBXBuildFile; fileRef = ECC3C43B279208D200CF237B /* LandmarkList.swift */; };
		ECC3C43E27920A8000CF237B /* LandmarkDetail.swift in Sources */ = {isa = PBXBuildFile; fileRef = ECC3C43D27920A8000CF237B /* LandmarkDetail.swift */; };
/* End PBXBuildFile section */

/* Begin PBXFileReference section */
		EC16705A2794ED27003E3F59 /* HexagonParameters.swift */ = {isa = PBXFileReference; lastKnownFileType = sourcecode.swift; path = HexagonParameters.swift; sourceTree = "<group>"; };
		EC16705E2794F051003E3F59 /* BadgeBackground.swift */ = {isa = PBXFileReference; lastKnownFileType = sourcecode.swift; path = BadgeBackground.swift; sourceTree = "<group>"; };
		EC371C80278AA865002ED7BC /* Landmarks.app */ = {isa = PBXFileReference; explicitFileType = wrapper.application; includeInIndex = 0; path = Landmarks.app; sourceTree = BUILT_PRODUCTS_DIR; };
		EC371C83278AA865002ED7BC /* LandmarksApp.swift */ = {isa = PBXFileReference; lastKnownFileType = sourcecode.swift; path = LandmarksApp.swift; sourceTree = "<group>"; };
		EC371C85278AA865002ED7BC /* ContentView.swift */ = {isa = PBXFileReference; lastKnownFileType = sourcecode.swift; path = ContentView.swift; sourceTree = "<group>"; };
		EC371C87278AA86B002ED7BC /* Assets.xcassets */ = {isa = PBXFileReference; lastKnownFileType = folder.assetcatalog; path = Assets.xcassets; sourceTree = "<group>"; };
		EC371C8A278AA86B002ED7BC /* Preview Assets.xcassets */ = {isa = PBXFileReference; lastKnownFileType = folder.assetcatalog; path = "Preview Assets.xcassets"; sourceTree = "<group>"; };
		EC371C91278AAC55002ED7BC /* CircleImage.swift */ = {isa = PBXFileReference; lastKnownFileType = sourcecode.swift; path = CircleImage.swift; sourceTree = "<group>"; };
		EC371C93278AADC0002ED7BC /* MapView.swift */ = {isa = PBXFileReference; lastKnownFileType = sourcecode.swift; path = MapView.swift; sourceTree = "<group>"; };
		EC371C95278B3F71002ED7BC /* landmarkData.json */ = {isa = PBXFileReference; fileEncoding = 4; lastKnownFileType = text.json; path = landmarkData.json; sourceTree = "<group>"; };
		EC371C97278B3FA5002ED7BC /* Landmark.swift */ = {isa = PBXFileReference; lastKnownFileType = sourcecode.swift; path = Landmark.swift; sourceTree = "<group>"; };
		EC371C99278B4185002ED7BC /* ModelData.swift */ = {isa = PBXFileReference; lastKnownFileType = sourcecode.swift; path = ModelData.swift; sourceTree = "<group>"; };
		EC92221627923E4200ACDC76 /* FavoriteButton.swift */ = {isa = PBXFileReference; lastKnownFileType = sourcecode.swift; path = FavoriteButton.swift; sourceTree = "<group>"; };
		ECC3C439279206E900CF237B /* LandmarkRow.swift */ = {isa = PBXFileReference; lastKnownFileType = sourcecode.swift; path = LandmarkRow.swift; sourceTree = "<group>"; };
		ECC3C43B279208D200CF237B /* LandmarkList.swift */ = {isa = PBXFileReference; lastKnownFileType = sourcecode.swift; path = LandmarkList.swift; sourceTree = "<group>"; };
		ECC3C43D27920A8000CF237B /* LandmarkDetail.swift */ = {isa = PBXFileReference; lastKnownFileType = sourcecode.swift; path = LandmarkDetail.swift; sourceTree = "<group>"; };
/* End PBXFileReference section */

/* Begin PBXFrameworksBuildPhase section */
		EC371C7D278AA865002ED7BC /* Frameworks */ = {
			isa = PBXFrameworksBuildPhase;
			buildActionMask = 2147483647;
			files = (
			);
			runOnlyForDeploymentPostprocessing = 0;
		};
/* End PBXFrameworksBuildPhase section */

/* Begin PBXGroup section */
		EC371C77278AA865002ED7BC = {
			isa = PBXGroup;
			children = (
				EC371C82278AA865002ED7BC /* Landmarks */,
				EC371C81278AA865002ED7BC /* Products */,
			);
			sourceTree = "<group>";
		};
		EC371C81278AA865002ED7BC /* Products */ = {
			isa = PBXGroup;
			children = (
				EC371C80278AA865002ED7BC /* Landmarks.app */,
			);
			name = Products;
			sourceTree = "<group>";
		};
		EC371C82278AA865002ED7BC /* Landmarks */ = {
			isa = PBXGroup;
			children = (
				EC371C83278AA865002ED7BC /* LandmarksApp.swift */,
				EC371C9C278B4253002ED7BC /* Views */,
				EC371C9D278B4266002ED7BC /* Model */,
				EC371C9E278B4287002ED7BC /* Resources */,
				EC371C87278AA86B002ED7BC /* Assets.xcassets */,
				EC371C89278AA86B002ED7BC /* Preview Content */,
			);
			path = Landmarks;
			sourceTree = "<group>";
		};
		EC371C89278AA86B002ED7BC /* Preview Content */ = {
			isa = PBXGroup;
			children = (
				EC371C8A278AA86B002ED7BC /* Preview Assets.xcassets */,
			);
			path = "Preview Content";
			sourceTree = "<group>";
		};
		EC371C9C278B4253002ED7BC /* Views */ = {
			isa = PBXGroup;
			children = (
				EC371C85278AA865002ED7BC /* ContentView.swift */,
				EC92221A27923FB400ACDC76 /* Landmarks */,
				EC92221927923F7500ACDC76 /* Helpers */,
				EC16705A2794ED27003E3F59 /* HexagonParameters.swift */,
				EC16705E2794F051003E3F59 /* BadgeBackground.swift */,
			);
			path = Views;
			sourceTree = "<group>";
		};
		EC371C9D278B4266002ED7BC /* Model */ = {
			isa = PBXGroup;
			children = (
				EC371C97278B3FA5002ED7BC /* Landmark.swift */,
				EC371C99278B4185002ED7BC /* ModelData.swift */,
			);
			path = Model;
			sourceTree = "<group>";
		};
		EC371C9E278B4287002ED7BC /* Resources */ = {
			isa = PBXGroup;
			children = (
				EC371C95278B3F71002ED7BC /* landmarkData.json */,
			);
			path = Resources;
			sourceTree = "<group>";
		};
		EC92221927923F7500ACDC76 /* Helpers */ = {
			isa = PBXGroup;
			children = (
				EC371C91278AAC55002ED7BC /* CircleImage.swift */,
				EC371C93278AADC0002ED7BC /* MapView.swift */,
				EC92221627923E4200ACDC76 /* FavoriteButton.swift */,
			);
			path = Helpers;
			sourceTree = "<group>";
		};
		EC92221A27923FB400ACDC76 /* Landmarks */ = {
			isa = PBXGroup;
			children = (
				ECC3C439279206E900CF237B /* LandmarkRow.swift */,
				ECC3C43B279208D200CF237B /* LandmarkList.swift */,
				ECC3C43D27920A8000CF237B /* LandmarkDetail.swift */,
			);
			path = Landmarks;
			sourceTree = "<group>";
		};
/* End PBXGroup section */

/* Begin PBXNativeTarget section */
		EC371C7F278AA865002ED7BC /* Landmarks */ = {
			isa = PBXNativeTarget;
			buildConfigurationList = EC371C8E278AA86B002ED7BC /* Build configuration list for PBXNativeTarget "Landmarks" */;
			buildPhases = (
				EC371C7C278AA865002ED7BC /* Sources */,
				EC371C7D278AA865002ED7BC /* Frameworks */,
				EC371C7E278AA865002ED7BC /* Resources */,
			);
			buildRules = (
			);
			dependencies = (
			);
			name = Landmarks;
			productName = Landmarks;
			productReference = EC371C80278AA865002ED7BC /* Landmarks.app */;
			productType = "com.apple.product-type.application";
		};
/* End PBXNativeTarget section */

/* Begin PBXProject section */
		EC371C78278AA865002ED7BC /* Project object */ = {
			isa = PBXProject;
			attributes = {
				BuildIndependentTargetsInParallel = 1;
				LastSwiftUpdateCheck = 1320;
				LastUpgradeCheck = 1320;
				TargetAttributes = {
					EC371C7F278AA865002ED7BC = {
						CreatedOnToolsVersion = 13.2.1;
					};
				};
			};
			buildConfigurationList = EC371C7B278AA865002ED7BC /* Build configuration list for PBXProject "Landmarks" */;
			compatibilityVersion = "Xcode 13.0";
			developmentRegion = en;
			hasScannedForEncodings = 0;
			knownRegions = (
				en,
				Base,
			);
			mainGroup = EC371C77278AA865002ED7BC;
			productRefGroup = EC371C81278AA865002ED7BC /* Products */;
			projectDirPath = "";
			projectRoot = "";
			targets = (
				EC371C7F278AA865002ED7BC /* Landmarks */,
			);
		};
/* End PBXProject section */

/* Begin PBXResourcesBuildPhase section */
		EC371C7E278AA865002ED7BC /* Resources */ = {
			isa = PBXResourcesBuildPhase;
			buildActionMask = 2147483647;
			files = (
				EC371C8B278AA86B002ED7BC /* Preview Assets.xcassets in Resources */,
				EC371C88278AA86B002ED7BC /* Assets.xcassets in Resources */,
				EC371C96278B3F71002ED7BC /* landmarkData.json in Resources */,
			);
			runOnlyForDeploymentPostprocessing = 0;
		};
/* End PBXResourcesBuildPhase section */

/* Begin PBXSourcesBuildPhase section */
		EC371C7C278AA865002ED7BC /* Sources */ = {
			isa = PBXSourcesBuildPhase;
			buildActionMask = 2147483647;
			files = (
				EC371C86278AA865002ED7BC /* ContentView.swift in Sources */,
				EC371C94278AADC0002ED7BC /* MapView.swift in Sources */,
				EC371C84278AA865002ED7BC /* LandmarksApp.swift in Sources */,
				EC92221727923E4200ACDC76 /* FavoriteButton.swift in Sources */,
				EC16705B2794ED27003E3F59 /* HexagonParameters.swift in Sources */,
				ECC3C43C279208D200CF237B /* LandmarkList.swift in Sources */,
				ECC3C43E27920A8000CF237B /* LandmarkDetail.swift in Sources */,
				EC16705F2794F051003E3F59 /* BadgeBackground.swift in Sources */,
				EC371C92278AAC55002ED7BC /* CircleImage.swift in Sources */,
				EC371C98278B3FA5002ED7BC /* Landmark.swift in Sources */,
				ECC3C43A279206E900CF237B /* LandmarkRow.swift in Sources */,
				EC371C9A278B4185002ED7BC /* ModelData.swift in Sources */,
			);
			runOnlyForDeploymentPostprocessing = 0;
		};
/* End PBXSourcesBuildPhase section */

/* Begin XCBuildConfiguration section */
		EC371C8C278AA86B002ED7BC /* Debug */ = {
			isa = XCBuildConfiguration;
			buildSettings = {
				ALWAYS_SEARCH_USER_PATHS = NO;
				CLANG_ANALYZER_NONNULL = YES;
				CLANG_ANALYZER_NUMBER_OBJECT_CONVERSION = YES_AGGRESSIVE;
				CLANG_CXX_LANGUAGE_STANDARD = "gnu++17";
				CLANG_CXX_LIBRARY = "libc++";
				CLANG_ENABLE_MODULES = YES;
				CLANG_ENABLE_OBJC_ARC = YES;
				CLANG_ENABLE_OBJC_WEAK = YES;
				CLANG_WARN_BLOCK_CAPTURE_AUTORELEASING = YES;
				CLANG_WARN_BOOL_CONVERSION = YES;
				CLANG_WARN_COMMA = YES;
				CLANG_WARN_CONSTANT_CONVERSION = YES;
				CLANG_WARN_DEPRECATED_OBJC_IMPLEMENTATIONS = YES;
				CLANG_WARN_DIRECT_OBJC_ISA_USAGE = YES_ERROR;
				CLANG_WARN_DOCUMENTATION_COMMENTS = YES;
				CLANG_WARN_EMPTY_BODY = YES;
				CLANG_WARN_ENUM_CONVERSION = YES;
				CLANG_WARN_INFINITE_RECURSION = YES;
				CLANG_WARN_INT_CONVERSION = YES;
				CLANG_WARN_NON_LITERAL_NULL_CONVERSION = YES;
				CLANG_WARN_OBJC_IMPLICIT_RETAIN_SELF = YES;
				CLANG_WARN_OBJC_LITERAL_CONVERSION = YES;
				CLANG_WARN_OBJC_ROOT_CLASS = YES_ERROR;
				CLANG_WARN_QUOTED_INCLUDE_IN_FRAMEWORK_HEADER = YES;
				CLANG_WARN_RANGE_LOOP_ANALYSIS = YES;
				CLANG_WARN_STRICT_PROTOTYPES = YES;
				CLANG_WARN_SUSPICIOUS_MOVE = YES;
				CLANG_WARN_UNGUARDED_AVAILABILITY = YES_AGGRESSIVE;
				CLANG_WARN_UNREACHABLE_CODE = YES;
				CLANG_WARN__DUPLICATE_METHOD_MATCH = YES;
				COPY_PHASE_STRIP = NO;
				DEBUG_INFORMATION_FORMAT = dwarf;
				ENABLE_STRICT_OBJC_MSGSEND = YES;
				ENABLE_TESTABILITY = YES;
				GCC_C_LANGUAGE_STANDARD = gnu11;
				GCC_DYNAMIC_NO_PIC = NO;
				GCC_NO_COMMON_BLOCKS = YES;
				GCC_OPTIMIZATION_LEVEL = 0;
				GCC_PREPROCESSOR_DEFINITIONS = (
					"DEBUG=1",
					"$(inherited)",
				);
				GCC_WARN_64_TO_32_BIT_CONVERSION = YES;
				GCC_WARN_ABOUT_RETURN_TYPE = YES_ERROR;
				GCC_WARN_UNDECLARED_SELECTOR = YES;
				GCC_WARN_UNINITIALIZED_AUTOS = YES_AGGRESSIVE;
				GCC_WARN_UNUSED_FUNCTION = YES;
				GCC_WARN_UNUSED_VARIABLE = YES;
				IPHONEOS_DEPLOYMENT_TARGET = 15.2;
				MTL_ENABLE_DEBUG_INFO = INCLUDE_SOURCE;
				MTL_FAST_MATH = YES;
				ONLY_ACTIVE_ARCH = YES;
				SDKROOT = iphoneos;
				SWIFT_ACTIVE_COMPILATION_CONDITIONS = DEBUG;
				SWIFT_OPTIMIZATION_LEVEL = "-Onone";
			};
			name = Debug;
		};
		EC371C8D278AA86B002ED7BC /* Release */ = {
			isa = XCBuildConfiguration;
			buildSettings = {
				ALWAYS_SEARCH_USER_PATHS = NO;
				CLANG_ANALYZER_NONNULL = YES;
				CLANG_ANALYZER_NUMBER_OBJECT_CONVERSION = YES_AGGRESSIVE;
				CLANG_CXX_LANGUAGE_STANDARD = "gnu++17";
				CLANG_CXX_LIBRARY = "libc++";
				CLANG_ENABLE_MODULES = YES;
				CLANG_ENABLE_OBJC_ARC = YES;
				CLANG_ENABLE_OBJC_WEAK = YES;
				CLANG_WARN_BLOCK_CAPTURE_AUTORELEASING = YES;
				CLANG_WARN_BOOL_CONVERSION = YES;
				CLANG_WARN_COMMA = YES;
				CLANG_WARN_CONSTANT_CONVERSION = YES;
				CLANG_WARN_DEPRECATED_OBJC_IMPLEMENTATIONS = YES;
				CLANG_WARN_DIRECT_OBJC_ISA_USAGE = YES_ERROR;
				CLANG_WARN_DOCUMENTATION_COMMENTS = YES;
				CLANG_WARN_EMPTY_BODY = YES;
				CLANG_WARN_ENUM_CONVERSION = YES;
				CLANG_WARN_INFINITE_RECURSION = YES;
				CLANG_WARN_INT_CONVERSION = YES;
				CLANG_WARN_NON_LITERAL_NULL_CONVERSION = YES;
				CLANG_WARN_OBJC_IMPLICIT_RETAIN_SELF = YES;
				CLANG_WARN_OBJC_LITERAL_CONVERSION = YES;
				CLANG_WARN_OBJC_ROOT_CLASS = YES_ERROR;
				CLANG_WARN_QUOTED_INCLUDE_IN_FRAMEWORK_HEADER = YES;
				CLANG_WARN_RANGE_LOOP_ANALYSIS = YES;
				CLANG_WARN_STRICT_PROTOTYPES = YES;
				CLANG_WARN_SUSPICIOUS_MOVE = YES;
				CLANG_WARN_UNGUARDED_AVAILABILITY = YES_AGGRESSIVE;
				CLANG_WARN_UNREACHABLE_CODE = YES;
				CLANG_WARN__DUPLICATE_METHOD_MATCH = YES;
				COPY_PHASE_STRIP = NO;
				DEBUG_INFORMATION_FORMAT = "dwarf-with-dsym";
				ENABLE_NS_ASSERTIONS = NO;
				ENABLE_STRICT_OBJC_MSGSEND = YES;
				GCC_C_LANGUAGE_STANDARD = gnu11;
				GCC_NO_COMMON_BLOCKS = YES;
				GCC_WARN_64_TO_32_BIT_CONVERSION = YES;
				GCC_WARN_ABOUT_RETURN_TYPE = YES_ERROR;
				GCC_WARN_UNDECLARED_SELECTOR = YES;
				GCC_WARN_UNINITIALIZED_AUTOS = YES_AGGRESSIVE;
				GCC_WARN_UNUSED_FUNCTION = YES;
				GCC_WARN_UNUSED_VARIABLE = YES;
				IPHONEOS_DEPLOYMENT_TARGET = 15.2;
				MTL_ENABLE_DEBUG_INFO = NO;
				MTL_FAST_MATH = YES;
				SDKROOT = iphoneos;
				SWIFT_COMPILATION_MODE = wholemodule;
				SWIFT_OPTIMIZATION_LEVEL = "-O";
				VALIDATE_PRODUCT = YES;
			};
			name = Release;
		};
		EC371C8F278AA86B002ED7BC /* Debug */ = {
			isa = XCBuildConfiguration;
			buildSettings = {
				ASSETCATALOG_COMPILER_APPICON_NAME = AppIcon;
				ASSETCATALOG_COMPILER_GLOBAL_ACCENT_COLOR_NAME = AccentColor;
				CODE_SIGN_STYLE = Automatic;
				CURRENT_PROJECT_VERSION = 1;
				DEVELOPMENT_ASSET_PATHS = "\"Landmarks/Preview Content\"";
				DEVELOPMENT_TEAM = HW5A3F2N44;
				ENABLE_PREVIEWS = YES;
				GENERATE_INFOPLIST_FILE = YES;
				INFOPLIST_KEY_UIApplicationSceneManifest_Generation = YES;
				INFOPLIST_KEY_UIApplicationSupportsIndirectInputEvents = YES;
				INFOPLIST_KEY_UILaunchScreen_Generation = YES;
				INFOPLIST_KEY_UISupportedInterfaceOrientations_iPad = "UIInterfaceOrientationPortrait UIInterfaceOrientationPortraitUpsideDown UIInterfaceOrientationLandscapeLeft UIInterfaceOrientationLandscapeRight";
				INFOPLIST_KEY_UISupportedInterfaceOrientations_iPhone = "UIInterfaceOrientationPortrait UIInterfaceOrientationLandscapeLeft UIInterfaceOrientationLandscapeRight";
				LD_RUNPATH_SEARCH_PATHS = (
					"$(inherited)",
					"@executable_path/Frameworks",
				);
				MARKETING_VERSION = 1.0;
				PRODUCT_BUNDLE_IDENTIFIER = edi.miami.jrh279.Landmarks;
				PRODUCT_NAME = "$(TARGET_NAME)";
				SWIFT_EMIT_LOC_STRINGS = YES;
				SWIFT_VERSION = 5.0;
				TARGETED_DEVICE_FAMILY = "1,2";
			};
			name = Debug;
		};
		EC371C90278AA86B002ED7BC /* Release */ = {
			isa = XCBuildConfiguration;
			buildSettings = {
				ASSETCATALOG_COMPILER_APPICON_NAME = AppIcon;
				ASSETCATALOG_COMPILER_GLOBAL_ACCENT_COLOR_NAME = AccentColor;
				CODE_SIGN_STYLE = Automatic;
				CURRENT_PROJECT_VERSION = 1;
				DEVELOPMENT_ASSET_PATHS = "\"Landmarks/Preview Content\"";
				DEVELOPMENT_TEAM = HW5A3F2N44;
				ENABLE_PREVIEWS = YES;
				GENERATE_INFOPLIST_FILE = YES;
				INFOPLIST_KEY_UIApplicationSceneManifest_Generation = YES;
				INFOPLIST_KEY_UIApplicationSupportsIndirectInputEvents = YES;
				INFOPLIST_KEY_UILaunchScreen_Generation = YES;
				INFOPLIST_KEY_UISupportedInterfaceOrientations_iPad = "UIInterfaceOrientationPortrait UIInterfaceOrientationPortraitUpsideDown UIInterfaceOrientationLandscapeLeft UIInterfaceOrientationLandscapeRight";
				INFOPLIST_KEY_UISupportedInterfaceOrientations_iPhone = "UIInterfaceOrientationPortrait UIInterfaceOrientationLandscapeLeft UIInterfaceOrientationLandscapeRight";
				LD_RUNPATH_SEARCH_PATHS = (
					"$(inherited)",
					"@executable_path/Frameworks",
				);
				MARKETING_VERSION = 1.0;
				PRODUCT_BUNDLE_IDENTIFIER = edi.miami.jrh279.Landmarks;
				PRODUCT_NAME = "$(TARGET_NAME)";
				SWIFT_EMIT_LOC_STRINGS = YES;
				SWIFT_VERSION = 5.0;
				TARGETED_DEVICE_FAMILY = "1,2";
			};
			name = Release;
		};
/* End XCBuildConfiguration section */

/* Begin XCConfigurationList section */
		EC371C7B278AA865002ED7BC /* Build configuration list for PBXProject "Landmarks" */ = {
			isa = XCConfigurationList;
			buildConfigurations = (
				EC371C8C278AA86B002ED7BC /* Debug */,
				EC371C8D278AA86B002ED7BC /* Release */,
			);
			defaultConfigurationIsVisible = 0;
			defaultConfigurationName = Release;
		};
		EC371C8E278AA86B002ED7BC /* Build configuration list for PBXNativeTarget "Landmarks" */ = {
			isa = XCConfigurationList;
			buildConfigurations = (
				EC371C8F278AA86B002ED7BC /* Debug */,
				EC371C90278AA86B002ED7BC /* Release */,
			);
			defaultConfigurationIsVisible = 0;
			defaultConfigurationName = Release;
		};
/* End XCConfigurationList section */
	};
	rootObject = EC371C78278AA865002ED7BC /* Project object */;
}
